{
  "object": {
    "pins": [
      {
        "package": "ArrayBuilder",
        "repositoryURL": "https://github.com/juliand665/ArrayBuilder",
        "state": {
          "branch": null,
          "revision": "f713ffd1432c5fb7cbf47a84bd634b18256957b6",
          "version": "1.1.0"
        }
      },
      {
        "package": "HandyOperators",
        "repositoryURL": "https://github.com/juliand665/HandyOperators",
        "state": {
          "branch": null,
          "revision": "bb0ae87af5a3c0dd052c0f8f5d85a2b3ee26b31c",
          "version": "2.0.0"
        }
      },
      {
        "package": "Protoquest",
        "repositoryURL": "https://github.com/juliand665/Protoquest",
        "state": {
          "branch": "swift-5.5",
          "revision": "d044690aa0a931b7727b3470f1fc39a9c1d41b99",
          "version": null
        }
      }
    ]
  },
  "version": 1
}
