{
  "object": {
    "pins": [
      {
        "package": "ArrayBuilder",
        "repositoryURL": "https://github.com/juliand665/ArrayBuilder",
        "state": {
          "branch": null,
          "revision": "f713ffd1432c5fb7cbf47a84bd634b18256957b6",
          "version": "1.1.0"
        }
      },
      {
        "package": "ErgonomicCodable",
        "repositoryURL": "https://github.com/juliand665/ErgonomicCodable",
        "state": {
          "branch": "main",
          "revision": "d377cb1bffdd928ae957cc693641edef6d627c41",
          "version": null
        }
      },
      {
        "package": "HandyOperators",
        "repositoryURL": "https://github.com/juliand665/HandyOperators",
        "state": {
          "branch": null,
          "revision": "27f60a00d9ad310afdf66cc7a25adc4bdb387d58",
          "version": "2.0.1"
        }
      },
      {
        "package": "Protoquest",
        "repositoryURL": "https://github.com/juliand665/Protoquest",
        "state": {
          "branch": "swift-5.5",
          "revision": "3ef1355482e69591cef1e15607df67928ce33ac8",
          "version": null
        }
      }
    ]
  },
  "version": 1
}
