{
  "object": {
    "pins": [
      {
        "package": "ArrayBuilder",
        "repositoryURL": "https://github.com/juliand665/ArrayBuilder",
        "state": {
          "branch": "main",
          "revision": "fc06af7372b00661f0f34578551c8abe96015403",
          "version": null
        }
      },
      {
        "package": "HandyOperators",
        "repositoryURL": "https://github.com/juliand665/HandyOperators",
        "state": {
          "branch": null,
          "revision": "bb0ae87af5a3c0dd052c0f8f5d85a2b3ee26b31c",
          "version": "2.0.0"
        }
      },
      {
        "package": "Protoquest",
        "repositoryURL": "https://github.com/juliand665/Protoquest",
        "state": {
          "branch": "main",
          "revision": "14926cf1102db11d82c9b22c6530aa8a653fac10",
          "version": null
        }
      }
    ]
  },
  "version": 1
}
